{
  "object": {
    "pins": [
      {
        "package": "ZipArchive",
        "repositoryURL": "https://github.com/ZipArchive/ZipArchive.git",
        "state": {
          "branch": null,
          "revision": "825ff12a74a94c54e737e279604c27e6740e8a2c",
          "version": "2.4.2"
        }
      }
    ]
  },
  "version": 1
}
